
Microsoft Visual Studio Solution File, Format Version 12.00
# Visual Studio 14
VisualStudioVersion = 14.0.25420.1
MinimumVisualStudioVersion = 10.0.40219.1
Project("{FAE04EC0-301F-11D3-BF4B-00C04F79EFBC}") = "CRUDASPNETMVC", "CRUDASPNETMVC\CRUDASPNETMVC.csproj", "{C590BD0D-3CCE-4F09-8B32-C3AD3E8F2286}"
EndProject
Global
	GlobalSection(SolutionConfigurationPlatforms) = preSolution
		Debug|Any CPU = Debug|Any CPU
		Release|Any CPU = Release|Any CPU
	EndGlobalSection
	GlobalSection(ProjectConfigurationPlatforms) = postSolution
		{C590BD0D-3CCE-4F09-8B32-C3AD3E8F2286}.Debug|Any CPU.ActiveCfg = Debug|Any CPU
		{C590BD0D-3CCE-4F09-8B32-C3AD3E8F2286}.Debug|Any CPU.Build.0 = Debug|Any CPU
		{C590BD0D-3CCE-4F09-8B32-C3AD3E8F2286}.Release|Any CPU.ActiveCfg = Release|Any CPU
		{C590BD0D-3CCE-4F09-8B32-C3AD3E8F2286}.Release|Any CPU.Build.0 = Release|Any CPU
	EndGlobalSection
	GlobalSection(SolutionProperties) = preSolution
		HideSolutionNode = FALSE
	EndGlobalSection
EndGlobal
